// !$*UTF8*$!
{
	archiveVersion = 1;
	classes = {
	};
	objectVersion = 55;
	objects = {

/* Begin PBXBuildFile section */
		5D092EC628A79296003510F0 /* AppDelegate.swift in Sources */ = {isa = PBXBuildFile; fileRef = 5D092EC528A79296003510F0 /* AppDelegate.swift */; };
		5D092EC828A79296003510F0 /* SceneDelegate.swift in Sources */ = {isa = PBXBuildFile; fileRef = 5D092EC728A79296003510F0 /* SceneDelegate.swift */; };
		5D092ECA28A79296003510F0 /* ViewController.swift in Sources */ = {isa = PBXBuildFile; fileRef = 5D092EC928A79296003510F0 /* ViewController.swift */; };
		5D092ECD28A79296003510F0 /* Main.storyboard in Resources */ = {isa = PBXBuildFile; fileRef = 5D092ECB28A79296003510F0 /* Main.storyboard */; };
		5D092ECF28A79297003510F0 /* Assets.xcassets in Resources */ = {isa = PBXBuildFile; fileRef = 5D092ECE28A79297003510F0 /* Assets.xcassets */; };
		5D092ED228A79297003510F0 /* LaunchScreen.storyboard in Resources */ = {isa = PBXBuildFile; fileRef = 5D092ED028A79297003510F0 /* LaunchScreen.storyboard */; };
		5D092EDB28A7B383003510F0 /* Owner.swift in Sources */ = {isa = PBXBuildFile; fileRef = 5D092EDA28A7B383003510F0 /* Owner.swift */; };
		5D092EDE28A7F67A003510F0 /* Service.swift in Sources */ = {isa = PBXBuildFile; fileRef = 5D092EDD28A7F67A003510F0 /* Service.swift */; };
		5D092EE228A844E5003510F0 /* CustomTableViewCell.swift in Sources */ = {isa = PBXBuildFile; fileRef = 5D092EE128A844E5003510F0 /* CustomTableViewCell.swift */; };
		5D092EE428A91A62003510F0 /* OwnerViewModel.swift in Sources */ = {isa = PBXBuildFile; fileRef = 5D092EE328A91A62003510F0 /* OwnerViewModel.swift */; };
/* End PBXBuildFile section */

/* Begin PBXFileReference section */
		5D092EC228A79296003510F0 /* GithubAPI.app */ = {isa = PBXFileReference; explicitFileType = wrapper.application; includeInIndex = 0; path = GithubAPI.app; sourceTree = BUILT_PRODUCTS_DIR; };
		5D092EC528A79296003510F0 /* AppDelegate.swift */ = {isa = PBXFileReference; lastKnownFileType = sourcecode.swift; path = AppDelegate.swift; sourceTree = "<group>"; };
		5D092EC728A79296003510F0 /* SceneDelegate.swift */ = {isa = PBXFileReference; lastKnownFileType = sourcecode.swift; path = SceneDelegate.swift; sourceTree = "<group>"; };
		5D092EC928A79296003510F0 /* ViewController.swift */ = {isa = PBXFileReference; lastKnownFileType = sourcecode.swift; path = ViewController.swift; sourceTree = "<group>"; };
		5D092ECC28A79296003510F0 /* Base */ = {isa = PBXFileReference; lastKnownFileType = file.storyboard; name = Base; path = Base.lproj/Main.storyboard; sourceTree = "<group>"; };
		5D092ECE28A79297003510F0 /* Assets.xcassets */ = {isa = PBXFileReference; lastKnownFileType = folder.assetcatalog; path = Assets.xcassets; sourceTree = "<group>"; };
		5D092ED128A79297003510F0 /* Base */ = {isa = PBXFileReference; lastKnownFileType = file.storyboard; name = Base; path = Base.lproj/LaunchScreen.storyboard; sourceTree = "<group>"; };
		5D092ED328A79297003510F0 /* Info.plist */ = {isa = PBXFileReference; lastKnownFileType = text.plist.xml; path = Info.plist; sourceTree = "<group>"; };
		5D092EDA28A7B383003510F0 /* Owner.swift */ = {isa = PBXFileReference; lastKnownFileType = sourcecode.swift; path = Owner.swift; sourceTree = "<group>"; };
		5D092EDD28A7F67A003510F0 /* Service.swift */ = {isa = PBXFileReference; lastKnownFileType = sourcecode.swift; path = Service.swift; sourceTree = "<group>"; };
		5D092EE128A844E5003510F0 /* CustomTableViewCell.swift */ = {isa = PBXFileReference; lastKnownFileType = sourcecode.swift; path = CustomTableViewCell.swift; sourceTree = "<group>"; };
		5D092EE328A91A62003510F0 /* OwnerViewModel.swift */ = {isa = PBXFileReference; lastKnownFileType = sourcecode.swift; path = OwnerViewModel.swift; sourceTree = "<group>"; };
/* End PBXFileReference section */

/* Begin PBXFrameworksBuildPhase section */
		5D092EBF28A79296003510F0 /* Frameworks */ = {
			isa = PBXFrameworksBuildPhase;
			buildActionMask = 2147483647;
			files = (
			);
			runOnlyForDeploymentPostprocessing = 0;
		};
/* End PBXFrameworksBuildPhase section */

/* Begin PBXGroup section */
		5D092EB928A79296003510F0 = {
			isa = PBXGroup;
			children = (
				5D092EC428A79296003510F0 /* GithubAPI */,
				5D092EC328A79296003510F0 /* Products */,
			);
			sourceTree = "<group>";
		};
		5D092EC328A79296003510F0 /* Products */ = {
			isa = PBXGroup;
			children = (
				5D092EC228A79296003510F0 /* GithubAPI.app */,
			);
			name = Products;
			sourceTree = "<group>";
		};
		5D092EC428A79296003510F0 /* GithubAPI */ = {
			isa = PBXGroup;
			children = (
				5D092EE028A83775003510F0 /* View */,
				5D092EDF28A7F8E4003510F0 /* Controller */,
				5D092ED928A7951B003510F0 /* Model */,
				5D092EDC28A7F653003510F0 /* ViewModel */,
				5D092EC528A79296003510F0 /* AppDelegate.swift */,
				5D092EC728A79296003510F0 /* SceneDelegate.swift */,
				5D092ECE28A79297003510F0 /* Assets.xcassets */,
				5D092ED028A79297003510F0 /* LaunchScreen.storyboard */,
				5D092ED328A79297003510F0 /* Info.plist */,
			);
			path = GithubAPI;
			sourceTree = "<group>";
		};
		5D092ED928A7951B003510F0 /* Model */ = {
			isa = PBXGroup;
			children = (
				5D092EDA28A7B383003510F0 /* Owner.swift */,
			);
			path = Model;
			sourceTree = "<group>";
		};
		5D092EDC28A7F653003510F0 /* ViewModel */ = {
			isa = PBXGroup;
			children = (
				5D092EDD28A7F67A003510F0 /* Service.swift */,
				5D092EE328A91A62003510F0 /* OwnerViewModel.swift */,
			);
			path = ViewModel;
			sourceTree = "<group>";
		};
		5D092EDF28A7F8E4003510F0 /* Controller */ = {
			isa = PBXGroup;
			children = (
				5D092EC928A79296003510F0 /* ViewController.swift */,
				5D092EE128A844E5003510F0 /* CustomTableViewCell.swift */,
			);
			path = Controller;
			sourceTree = "<group>";
		};
		5D092EE028A83775003510F0 /* View */ = {
			isa = PBXGroup;
			children = (
				5D092ECB28A79296003510F0 /* Main.storyboard */,
			);
			path = View;
			sourceTree = "<group>";
		};
/* End PBXGroup section */

/* Begin PBXNativeTarget section */
		5D092EC128A79296003510F0 /* GithubAPI */ = {
			isa = PBXNativeTarget;
			buildConfigurationList = 5D092ED628A79297003510F0 /* Build configuration list for PBXNativeTarget "GithubAPI" */;
			buildPhases = (
				5D092EBE28A79296003510F0 /* Sources */,
				5D092EBF28A79296003510F0 /* Frameworks */,
				5D092EC028A79296003510F0 /* Resources */,
			);
			buildRules = (
			);
			dependencies = (
			);
			name = GithubAPI;
			productName = GithubAPI;
			productReference = 5D092EC228A79296003510F0 /* GithubAPI.app */;
			productType = "com.apple.product-type.application";
		};
/* End PBXNativeTarget section */

/* Begin PBXProject section */
		5D092EBA28A79296003510F0 /* Project object */ = {
			isa = PBXProject;
			attributes = {
				BuildIndependentTargetsInParallel = 1;
				LastSwiftUpdateCheck = 1300;
				LastUpgradeCheck = 1300;
				TargetAttributes = {
					5D092EC128A79296003510F0 = {
						CreatedOnToolsVersion = 13.0;
					};
				};
			};
			buildConfigurationList = 5D092EBD28A79296003510F0 /* Build configuration list for PBXProject "GithubAPI" */;
			compatibilityVersion = "Xcode 13.0";
			developmentRegion = en;
			hasScannedForEncodings = 0;
			knownRegions = (
				en,
				Base,
			);
			mainGroup = 5D092EB928A79296003510F0;
			productRefGroup = 5D092EC328A79296003510F0 /* Products */;
			projectDirPath = "";
			projectRoot = "";
			targets = (
				5D092EC128A79296003510F0 /* GithubAPI */,
			);
		};
/* End PBXProject section */

/* Begin PBXResourcesBuildPhase section */
		5D092EC028A79296003510F0 /* Resources */ = {
			isa = PBXResourcesBuildPhase;
			buildActionMask = 2147483647;
			files = (
				5D092ED228A79297003510F0 /* LaunchScreen.storyboard in Resources */,
				5D092ECF28A79297003510F0 /* Assets.xcassets in Resources */,
				5D092ECD28A79296003510F0 /* Main.storyboard in Resources */,
			);
			runOnlyForDeploymentPostprocessing = 0;
		};
/* End PBXResourcesBuildPhase section */

/* Begin PBXSourcesBuildPhase section */
		5D092EBE28A79296003510F0 /* Sources */ = {
			isa = PBXSourcesBuildPhase;
			buildActionMask = 2147483647;
			files = (
				5D092EE228A844E5003510F0 /* CustomTableViewCell.swift in Sources */,
				5D092ECA28A79296003510F0 /* ViewController.swift in Sources */,
				5D092EDB28A7B383003510F0 /* Owner.swift in Sources */,
				5D092EDE28A7F67A003510F0 /* Service.swift in Sources */,
				5D092EE428A91A62003510F0 /* OwnerViewModel.swift in Sources */,
				5D092EC628A79296003510F0 /* AppDelegate.swift in Sources */,
				5D092EC828A79296003510F0 /* SceneDelegate.swift in Sources */,
			);
			runOnlyForDeploymentPostprocessing = 0;
		};
/* End PBXSourcesBuildPhase section */

/* Begin PBXVariantGroup section */
		5D092ECB28A79296003510F0 /* Main.storyboard */ = {
			isa = PBXVariantGroup;
			children = (
				5D092ECC28A79296003510F0 /* Base */,
			);
			name = Main.storyboard;
			sourceTree = "<group>";
		};
		5D092ED028A79297003510F0 /* LaunchScreen.storyboard */ = {
			isa = PBXVariantGroup;
			children = (
				5D092ED128A79297003510F0 /* Base */,
			);
			name = LaunchScreen.storyboard;
			sourceTree = "<group>";
		};
/* End PBXVariantGroup section */

/* Begin XCBuildConfiguration section */
		5D092ED428A79297003510F0 /* Debug */ = {
			isa = XCBuildConfiguration;
			buildSettings = {
				ALWAYS_SEARCH_USER_PATHS = NO;
				CLANG_ANALYZER_NONNULL = YES;
				CLANG_ANALYZER_NUMBER_OBJECT_CONVERSION = YES_AGGRESSIVE;
				CLANG_CXX_LANGUAGE_STANDARD = "gnu++17";
				CLANG_CXX_LIBRARY = "libc++";
				CLANG_ENABLE_MODULES = YES;
				CLANG_ENABLE_OBJC_ARC = YES;
				CLANG_ENABLE_OBJC_WEAK = YES;
				CLANG_WARN_BLOCK_CAPTURE_AUTORELEASING = YES;
				CLANG_WARN_BOOL_CONVERSION = YES;
				CLANG_WARN_COMMA = YES;
				CLANG_WARN_CONSTANT_CONVERSION = YES;
				CLANG_WARN_DEPRECATED_OBJC_IMPLEMENTATIONS = YES;
				CLANG_WARN_DIRECT_OBJC_ISA_USAGE = YES_ERROR;
				CLANG_WARN_DOCUMENTATION_COMMENTS = YES;
				CLANG_WARN_EMPTY_BODY = YES;
				CLANG_WARN_ENUM_CONVERSION = YES;
				CLANG_WARN_INFINITE_RECURSION = YES;
				CLANG_WARN_INT_CONVERSION = YES;
				CLANG_WARN_NON_LITERAL_NULL_CONVERSION = YES;
				CLANG_WARN_OBJC_IMPLICIT_RETAIN_SELF = YES;
				CLANG_WARN_OBJC_LITERAL_CONVERSION = YES;
				CLANG_WARN_OBJC_ROOT_CLASS = YES_ERROR;
				CLANG_WARN_QUOTED_INCLUDE_IN_FRAMEWORK_HEADER = YES;
				CLANG_WARN_RANGE_LOOP_ANALYSIS = YES;
				CLANG_WARN_STRICT_PROTOTYPES = YES;
				CLANG_WARN_SUSPICIOUS_MOVE = YES;
				CLANG_WARN_UNGUARDED_AVAILABILITY = YES_AGGRESSIVE;
				CLANG_WARN_UNREACHABLE_CODE = YES;
				CLANG_WARN__DUPLICATE_METHOD_MATCH = YES;
				COPY_PHASE_STRIP = NO;
				DEBUG_INFORMATION_FORMAT = dwarf;
				ENABLE_STRICT_OBJC_MSGSEND = YES;
				ENABLE_TESTABILITY = YES;
				GCC_C_LANGUAGE_STANDARD = gnu11;
				GCC_DYNAMIC_NO_PIC = NO;
				GCC_NO_COMMON_BLOCKS = YES;
				GCC_OPTIMIZATION_LEVEL = 0;
				GCC_PREPROCESSOR_DEFINITIONS = (
					"DEBUG=1",
					"$(inherited)",
				);
				GCC_WARN_64_TO_32_BIT_CONVERSION = YES;
				GCC_WARN_ABOUT_RETURN_TYPE = YES_ERROR;
				GCC_WARN_UNDECLARED_SELECTOR = YES;
				GCC_WARN_UNINITIALIZED_AUTOS = YES_AGGRESSIVE;
				GCC_WARN_UNUSED_FUNCTION = YES;
				GCC_WARN_UNUSED_VARIABLE = YES;
				IPHONEOS_DEPLOYMENT_TARGET = 15.0;
				MTL_ENABLE_DEBUG_INFO = INCLUDE_SOURCE;
				MTL_FAST_MATH = YES;
				ONLY_ACTIVE_ARCH = YES;
				SDKROOT = iphoneos;
				SWIFT_ACTIVE_COMPILATION_CONDITIONS = DEBUG;
				SWIFT_OPTIMIZATION_LEVEL = "-Onone";
			};
			name = Debug;
		};
		5D092ED528A79297003510F0 /* Release */ = {
			isa = XCBuildConfiguration;
			buildSettings = {
				ALWAYS_SEARCH_USER_PATHS = NO;
				CLANG_ANALYZER_NONNULL = YES;
				CLANG_ANALYZER_NUMBER_OBJECT_CONVERSION = YES_AGGRESSIVE;
				CLANG_CXX_LANGUAGE_STANDARD = "gnu++17";
				CLANG_CXX_LIBRARY = "libc++";
				CLANG_ENABLE_MODULES = YES;
				CLANG_ENABLE_OBJC_ARC = YES;
				CLANG_ENABLE_OBJC_WEAK = YES;
				CLANG_WARN_BLOCK_CAPTURE_AUTORELEASING = YES;
				CLANG_WARN_BOOL_CONVERSION = YES;
				CLANG_WARN_COMMA = YES;
				CLANG_WARN_CONSTANT_CONVERSION = YES;
				CLANG_WARN_DEPRECATED_OBJC_IMPLEMENTATIONS = YES;
				CLANG_WARN_DIRECT_OBJC_ISA_USAGE = YES_ERROR;
				CLANG_WARN_DOCUMENTATION_COMMENTS = YES;
				CLANG_WARN_EMPTY_BODY = YES;
				CLANG_WARN_ENUM_CONVERSION = YES;
				CLANG_WARN_INFINITE_RECURSION = YES;
				CLANG_WARN_INT_CONVERSION = YES;
				CLANG_WARN_NON_LITERAL_NULL_CONVERSION = YES;
				CLANG_WARN_OBJC_IMPLICIT_RETAIN_SELF = YES;
				CLANG_WARN_OBJC_LITERAL_CONVERSION = YES;
				CLANG_WARN_OBJC_ROOT_CLASS = YES_ERROR;
				CLANG_WARN_QUOTED_INCLUDE_IN_FRAMEWORK_HEADER = YES;
				CLANG_WARN_RANGE_LOOP_ANALYSIS = YES;
				CLANG_WARN_STRICT_PROTOTYPES = YES;
				CLANG_WARN_SUSPICIOUS_MOVE = YES;
				CLANG_WARN_UNGUARDED_AVAILABILITY = YES_AGGRESSIVE;
				CLANG_WARN_UNREACHABLE_CODE = YES;
				CLANG_WARN__DUPLICATE_METHOD_MATCH = YES;
				COPY_PHASE_STRIP = NO;
				DEBUG_INFORMATION_FORMAT = "dwarf-with-dsym";
				ENABLE_NS_ASSERTIONS = NO;
				ENABLE_STRICT_OBJC_MSGSEND = YES;
				GCC_C_LANGUAGE_STANDARD = gnu11;
				GCC_NO_COMMON_BLOCKS = YES;
				GCC_WARN_64_TO_32_BIT_CONVERSION = YES;
				GCC_WARN_ABOUT_RETURN_TYPE = YES_ERROR;
				GCC_WARN_UNDECLARED_SELECTOR = YES;
				GCC_WARN_UNINITIALIZED_AUTOS = YES_AGGRESSIVE;
				GCC_WARN_UNUSED_FUNCTION = YES;
				GCC_WARN_UNUSED_VARIABLE = YES;
				IPHONEOS_DEPLOYMENT_TARGET = 15.0;
				MTL_ENABLE_DEBUG_INFO = NO;
				MTL_FAST_MATH = YES;
				SDKROOT = iphoneos;
				SWIFT_COMPILATION_MODE = wholemodule;
				SWIFT_OPTIMIZATION_LEVEL = "-O";
				VALIDATE_PRODUCT = YES;
			};
			name = Release;
		};
		5D092ED728A79297003510F0 /* Debug */ = {
			isa = XCBuildConfiguration;
			buildSettings = {
				ASSETCATALOG_COMPILER_APPICON_NAME = AppIcon;
				ASSETCATALOG_COMPILER_GLOBAL_ACCENT_COLOR_NAME = AccentColor;
				CODE_SIGN_STYLE = Automatic;
				CURRENT_PROJECT_VERSION = 1;
				DEVELOPMENT_TEAM = Y6JY526WQM;
				GENERATE_INFOPLIST_FILE = YES;
				INFOPLIST_FILE = GithubAPI/Info.plist;
				INFOPLIST_KEY_UIApplicationSupportsIndirectInputEvents = YES;
				INFOPLIST_KEY_UILaunchStoryboardName = LaunchScreen;
				INFOPLIST_KEY_UIMainStoryboardFile = Main;
				INFOPLIST_KEY_UISupportedInterfaceOrientations_iPad = "UIInterfaceOrientationPortrait UIInterfaceOrientationPortraitUpsideDown UIInterfaceOrientationLandscapeLeft UIInterfaceOrientationLandscapeRight";
				INFOPLIST_KEY_UISupportedInterfaceOrientations_iPhone = "UIInterfaceOrientationPortrait UIInterfaceOrientationLandscapeLeft UIInterfaceOrientationLandscapeRight";
				LD_RUNPATH_SEARCH_PATHS = (
					"$(inherited)",
					"@executable_path/Frameworks",
				);
				MARKETING_VERSION = 1.0;
				PRODUCT_BUNDLE_IDENTIFIER = com.subodhmahajan.GithubAPI;
				PRODUCT_NAME = "$(TARGET_NAME)";
				SWIFT_EMIT_LOC_STRINGS = YES;
				SWIFT_VERSION = 5.0;
				TARGETED_DEVICE_FAMILY = "1,2";
			};
			name = Debug;
		};
		5D092ED828A79297003510F0 /* Release */ = {
			isa = XCBuildConfiguration;
			buildSettings = {
				ASSETCATALOG_COMPILER_APPICON_NAME = AppIcon;
				ASSETCATALOG_COMPILER_GLOBAL_ACCENT_COLOR_NAME = AccentColor;
				CODE_SIGN_STYLE = Automatic;
				CURRENT_PROJECT_VERSION = 1;
				DEVELOPMENT_TEAM = Y6JY526WQM;
				GENERATE_INFOPLIST_FILE = YES;
				INFOPLIST_FILE = GithubAPI/Info.plist;
				INFOPLIST_KEY_UIApplicationSupportsIndirectInputEvents = YES;
				INFOPLIST_KEY_UILaunchStoryboardName = LaunchScreen;
				INFOPLIST_KEY_UIMainStoryboardFile = Main;
				INFOPLIST_KEY_UISupportedInterfaceOrientations_iPad = "UIInterfaceOrientationPortrait UIInterfaceOrientationPortraitUpsideDown UIInterfaceOrientationLandscapeLeft UIInterfaceOrientationLandscapeRight";
				INFOPLIST_KEY_UISupportedInterfaceOrientations_iPhone = "UIInterfaceOrientationPortrait UIInterfaceOrientationLandscapeLeft UIInterfaceOrientationLandscapeRight";
				LD_RUNPATH_SEARCH_PATHS = (
					"$(inherited)",
					"@executable_path/Frameworks",
				);
				MARKETING_VERSION = 1.0;
				PRODUCT_BUNDLE_IDENTIFIER = com.subodhmahajan.GithubAPI;
				PRODUCT_NAME = "$(TARGET_NAME)";
				SWIFT_EMIT_LOC_STRINGS = YES;
				SWIFT_VERSION = 5.0;
				TARGETED_DEVICE_FAMILY = "1,2";
			};
			name = Release;
		};
/* End XCBuildConfiguration section */

/* Begin XCConfigurationList section */
		5D092EBD28A79296003510F0 /* Build configuration list for PBXProject "GithubAPI" */ = {
			isa = XCConfigurationList;
			buildConfigurations = (
				5D092ED428A79297003510F0 /* Debug */,
				5D092ED528A79297003510F0 /* Release */,
			);
			defaultConfigurationIsVisible = 0;
			defaultConfigurationName = Release;
		};
		5D092ED628A79297003510F0 /* Build configuration list for PBXNativeTarget "GithubAPI" */ = {
			isa = XCConfigurationList;
			buildConfigurations = (
				5D092ED728A79297003510F0 /* Debug */,
				5D092ED828A79297003510F0 /* Release */,
			);
			defaultConfigurationIsVisible = 0;
			defaultConfigurationName = Release;
		};
/* End XCConfigurationList section */
	};
	rootObject = 5D092EBA28A79296003510F0 /* Project object */;
}
